// !$*UTF8*$!
{
	archiveVersion = 1;
	classes = {
	};
	objectVersion = 56;
	objects = {

/* Begin PBXBuildFile section */
		4107EF7B29C8D87A009C24C1 /* CustomUIViews.swift in Sources */ = {isa = PBXBuildFile; fileRef = 4107EF7A29C8D87A009C24C1 /* CustomUIViews.swift */; };
		4171256629C8503200CCE6D4 /* AppDelegate.swift in Sources */ = {isa = PBXBuildFile; fileRef = 4171256529C8503200CCE6D4 /* AppDelegate.swift */; };
		4171256829C8503200CCE6D4 /* SceneDelegate.swift in Sources */ = {isa = PBXBuildFile; fileRef = 4171256729C8503200CCE6D4 /* SceneDelegate.swift */; };
		4171256A29C8503200CCE6D4 /* SettingViewController.swift in Sources */ = {isa = PBXBuildFile; fileRef = 4171256929C8503200CCE6D4 /* SettingViewController.swift */; };
		4171256F29C8503200CCE6D4 /* Assets.xcassets in Resources */ = {isa = PBXBuildFile; fileRef = 4171256E29C8503200CCE6D4 /* Assets.xcassets */; };
		4171257B29C8624900CCE6D4 /* MainViewController.swift in Sources */ = {isa = PBXBuildFile; fileRef = 4171257A29C8624900CCE6D4 /* MainViewController.swift */; };
		4171257D29C8628A00CCE6D4 /* PermissionViewController.swift in Sources */ = {isa = PBXBuildFile; fileRef = 4171257C29C8628A00CCE6D4 /* PermissionViewController.swift */; };
		4171258029C8639000CCE6D4 /* Colors.swift in Sources */ = {isa = PBXBuildFile; fileRef = 4171257F29C8639000CCE6D4 /* Colors.swift */; };
		4171258329C868BC00CCE6D4 /* Texts.swift in Sources */ = {isa = PBXBuildFile; fileRef = 4171258229C868BC00CCE6D4 /* Texts.swift */; };
		41D9555E29C99DFD0000CFAB /* CustomTableHeader.swift in Sources */ = {isa = PBXBuildFile; fileRef = 41D9555D29C99DFD0000CFAB /* CustomTableHeader.swift */; };
		41D9556029C9F6FB0000CFAB /* CustomCollectionViewCell.swift in Sources */ = {isa = PBXBuildFile; fileRef = 41D9555F29C9F6FA0000CFAB /* CustomCollectionViewCell.swift */; };
		41D9556229C9FD3D0000CFAB /* CustomSectionHeader.swift in Sources */ = {isa = PBXBuildFile; fileRef = 41D9556129C9FD3D0000CFAB /* CustomSectionHeader.swift */; };
		41D9556429C9FF530000CFAB /* CustomTableViewCell.swift in Sources */ = {isa = PBXBuildFile; fileRef = 41D9556329C9FF530000CFAB /* CustomTableViewCell.swift */; };
		41D9556629CA031D0000CFAB /* PageViewController.swift in Sources */ = {isa = PBXBuildFile; fileRef = 41D9556529CA031D0000CFAB /* PageViewController.swift */; };
		41E8171A29CB8804003665CD /* Forecast24ViewController.swift in Sources */ = {isa = PBXBuildFile; fileRef = 41E8171929CB8804003665CD /* Forecast24ViewController.swift */; };
/* End PBXBuildFile section */

/* Begin PBXFileReference section */
		4107EF7A29C8D87A009C24C1 /* CustomUIViews.swift */ = {isa = PBXFileReference; lastKnownFileType = sourcecode.swift; path = CustomUIViews.swift; sourceTree = "<group>"; };
		4171256229C8503200CCE6D4 /* WheatherForecast.app */ = {isa = PBXFileReference; explicitFileType = wrapper.application; includeInIndex = 0; path = WheatherForecast.app; sourceTree = BUILT_PRODUCTS_DIR; };
		4171256529C8503200CCE6D4 /* AppDelegate.swift */ = {isa = PBXFileReference; lastKnownFileType = sourcecode.swift; path = AppDelegate.swift; sourceTree = "<group>"; };
		4171256729C8503200CCE6D4 /* SceneDelegate.swift */ = {isa = PBXFileReference; lastKnownFileType = sourcecode.swift; path = SceneDelegate.swift; sourceTree = "<group>"; };
		4171256929C8503200CCE6D4 /* SettingViewController.swift */ = {isa = PBXFileReference; lastKnownFileType = sourcecode.swift; path = SettingViewController.swift; sourceTree = "<group>"; };
		4171256E29C8503200CCE6D4 /* Assets.xcassets */ = {isa = PBXFileReference; lastKnownFileType = folder.assetcatalog; path = Assets.xcassets; sourceTree = "<group>"; };
		4171257329C8503200CCE6D4 /* Info.plist */ = {isa = PBXFileReference; lastKnownFileType = text.plist.xml; path = Info.plist; sourceTree = "<group>"; };
		4171257A29C8624900CCE6D4 /* MainViewController.swift */ = {isa = PBXFileReference; lastKnownFileType = sourcecode.swift; path = MainViewController.swift; sourceTree = "<group>"; };
		4171257C29C8628A00CCE6D4 /* PermissionViewController.swift */ = {isa = PBXFileReference; lastKnownFileType = sourcecode.swift; path = PermissionViewController.swift; sourceTree = "<group>"; };
		4171257F29C8639000CCE6D4 /* Colors.swift */ = {isa = PBXFileReference; lastKnownFileType = sourcecode.swift; path = Colors.swift; sourceTree = "<group>"; };
		4171258229C868BC00CCE6D4 /* Texts.swift */ = {isa = PBXFileReference; lastKnownFileType = sourcecode.swift; path = Texts.swift; sourceTree = "<group>"; };
		41D9555D29C99DFD0000CFAB /* CustomTableHeader.swift */ = {isa = PBXFileReference; lastKnownFileType = sourcecode.swift; path = CustomTableHeader.swift; sourceTree = "<group>"; };
		41D9555F29C9F6FA0000CFAB /* CustomCollectionViewCell.swift */ = {isa = PBXFileReference; lastKnownFileType = sourcecode.swift; path = CustomCollectionViewCell.swift; sourceTree = "<group>"; };
		41D9556129C9FD3D0000CFAB /* CustomSectionHeader.swift */ = {isa = PBXFileReference; lastKnownFileType = sourcecode.swift; path = CustomSectionHeader.swift; sourceTree = "<group>"; };
		41D9556329C9FF530000CFAB /* CustomTableViewCell.swift */ = {isa = PBXFileReference; lastKnownFileType = sourcecode.swift; path = CustomTableViewCell.swift; sourceTree = "<group>"; };
		41D9556529CA031D0000CFAB /* PageViewController.swift */ = {isa = PBXFileReference; lastKnownFileType = sourcecode.swift; path = PageViewController.swift; sourceTree = "<group>"; };
		41E8171929CB8804003665CD /* Forecast24ViewController.swift */ = {isa = PBXFileReference; lastKnownFileType = sourcecode.swift; path = Forecast24ViewController.swift; sourceTree = "<group>"; };
/* End PBXFileReference section */

/* Begin PBXFrameworksBuildPhase section */
		4171255F29C8503200CCE6D4 /* Frameworks */ = {
			isa = PBXFrameworksBuildPhase;
			buildActionMask = 2147483647;
			files = (
			);
			runOnlyForDeploymentPostprocessing = 0;
		};
/* End PBXFrameworksBuildPhase section */

/* Begin PBXGroup section */
		4107EF7C29C8DB42009C24C1 /* Views */ = {
			isa = PBXGroup;
			children = (
				41E8171B29CB888D003665CD /* MainScreen */,
				4107EF7A29C8D87A009C24C1 /* CustomUIViews.swift */,
			);
			path = Views;
			sourceTree = "<group>";
		};
		4171255929C8503200CCE6D4 = {
			isa = PBXGroup;
			children = (
				4171256429C8503200CCE6D4 /* WheatherForecast */,
				4171256329C8503200CCE6D4 /* Products */,
			);
			sourceTree = "<group>";
		};
		4171256329C8503200CCE6D4 /* Products */ = {
			isa = PBXGroup;
			children = (
				4171256229C8503200CCE6D4 /* WheatherForecast.app */,
			);
			name = Products;
			sourceTree = "<group>";
		};
		4171256429C8503200CCE6D4 /* WheatherForecast */ = {
			isa = PBXGroup;
			children = (
				4171257E29C8637700CCE6D4 /* App */,
				4171257929C8623500CCE6D4 /* ViewControllers */,
				4171258129C868A600CCE6D4 /* Models */,
				4107EF7C29C8DB42009C24C1 /* Views */,
				4171256E29C8503200CCE6D4 /* Assets.xcassets */,
				4171257329C8503200CCE6D4 /* Info.plist */,
			);
			path = WheatherForecast;
			sourceTree = "<group>";
		};
		4171257929C8623500CCE6D4 /* ViewControllers */ = {
			isa = PBXGroup;
			children = (
				41D9556529CA031D0000CFAB /* PageViewController.swift */,
				4171257C29C8628A00CCE6D4 /* PermissionViewController.swift */,
				4171256929C8503200CCE6D4 /* SettingViewController.swift */,
				4171257A29C8624900CCE6D4 /* MainViewController.swift */,
				41E8171929CB8804003665CD /* Forecast24ViewController.swift */,
			);
			path = ViewControllers;
			sourceTree = "<group>";
		};
		4171257E29C8637700CCE6D4 /* App */ = {
			isa = PBXGroup;
			children = (
				4171256529C8503200CCE6D4 /* AppDelegate.swift */,
				4171256729C8503200CCE6D4 /* SceneDelegate.swift */,
			);
			path = App;
			sourceTree = "<group>";
		};
		4171258129C868A600CCE6D4 /* Models */ = {
			isa = PBXGroup;
			children = (
				4171257F29C8639000CCE6D4 /* Colors.swift */,
				4171258229C868BC00CCE6D4 /* Texts.swift */,
			);
			path = Models;
			sourceTree = "<group>";
		};
		41E8171B29CB888D003665CD /* MainScreen */ = {
			isa = PBXGroup;
			children = (
				41D9555D29C99DFD0000CFAB /* CustomTableHeader.swift */,
				41D9556129C9FD3D0000CFAB /* CustomSectionHeader.swift */,
				41D9555F29C9F6FA0000CFAB /* CustomCollectionViewCell.swift */,
				41D9556329C9FF530000CFAB /* CustomTableViewCell.swift */,
			);
			path = MainScreen;
			sourceTree = "<group>";
		};
/* End PBXGroup section */

/* Begin PBXNativeTarget section */
		4171256129C8503200CCE6D4 /* WheatherForecast */ = {
			isa = PBXNativeTarget;
			buildConfigurationList = 4171257629C8503200CCE6D4 /* Build configuration list for PBXNativeTarget "WheatherForecast" */;
			buildPhases = (
				4171255E29C8503200CCE6D4 /* Sources */,
				4171255F29C8503200CCE6D4 /* Frameworks */,
				4171256029C8503200CCE6D4 /* Resources */,
			);
			buildRules = (
			);
			dependencies = (
			);
			name = WheatherForecast;
			productName = WheatherForecast;
			productReference = 4171256229C8503200CCE6D4 /* WheatherForecast.app */;
			productType = "com.apple.product-type.application";
		};
/* End PBXNativeTarget section */

/* Begin PBXProject section */
		4171255A29C8503200CCE6D4 /* Project object */ = {
			isa = PBXProject;
			attributes = {
				BuildIndependentTargetsInParallel = 1;
				LastSwiftUpdateCheck = 1410;
				LastUpgradeCheck = 1410;
				TargetAttributes = {
					4171256129C8503200CCE6D4 = {
						CreatedOnToolsVersion = 14.1;
					};
				};
			};
			buildConfigurationList = 4171255D29C8503200CCE6D4 /* Build configuration list for PBXProject "WheatherForecast" */;
			compatibilityVersion = "Xcode 14.0";
			developmentRegion = en;
			hasScannedForEncodings = 0;
			knownRegions = (
				en,
				Base,
			);
			mainGroup = 4171255929C8503200CCE6D4;
			productRefGroup = 4171256329C8503200CCE6D4 /* Products */;
			projectDirPath = "";
			projectRoot = "";
			targets = (
				4171256129C8503200CCE6D4 /* WheatherForecast */,
			);
		};
/* End PBXProject section */

/* Begin PBXResourcesBuildPhase section */
		4171256029C8503200CCE6D4 /* Resources */ = {
			isa = PBXResourcesBuildPhase;
			buildActionMask = 2147483647;
			files = (
				4171256F29C8503200CCE6D4 /* Assets.xcassets in Resources */,
			);
			runOnlyForDeploymentPostprocessing = 0;
		};
/* End PBXResourcesBuildPhase section */

/* Begin PBXSourcesBuildPhase section */
		4171255E29C8503200CCE6D4 /* Sources */ = {
			isa = PBXSourcesBuildPhase;
			buildActionMask = 2147483647;
			files = (
				4171256A29C8503200CCE6D4 /* SettingViewController.swift in Sources */,
				41D9556229C9FD3D0000CFAB /* CustomSectionHeader.swift in Sources */,
				4171258329C868BC00CCE6D4 /* Texts.swift in Sources */,
				4171258029C8639000CCE6D4 /* Colors.swift in Sources */,
				4171256629C8503200CCE6D4 /* AppDelegate.swift in Sources */,
				4171256829C8503200CCE6D4 /* SceneDelegate.swift in Sources */,
				41D9556429C9FF530000CFAB /* CustomTableViewCell.swift in Sources */,
				4107EF7B29C8D87A009C24C1 /* CustomUIViews.swift in Sources */,
				41D9556029C9F6FB0000CFAB /* CustomCollectionViewCell.swift in Sources */,
				41E8171A29CB8804003665CD /* Forecast24ViewController.swift in Sources */,
				41D9555E29C99DFD0000CFAB /* CustomTableHeader.swift in Sources */,
				41D9556629CA031D0000CFAB /* PageViewController.swift in Sources */,
				4171257B29C8624900CCE6D4 /* MainViewController.swift in Sources */,
				4171257D29C8628A00CCE6D4 /* PermissionViewController.swift in Sources */,
			);
			runOnlyForDeploymentPostprocessing = 0;
		};
/* End PBXSourcesBuildPhase section */

/* Begin XCBuildConfiguration section */
		4171257429C8503200CCE6D4 /* Debug */ = {
			isa = XCBuildConfiguration;
			buildSettings = {
				ALWAYS_SEARCH_USER_PATHS = NO;
				CLANG_ANALYZER_NONNULL = YES;
				CLANG_ANALYZER_NUMBER_OBJECT_CONVERSION = YES_AGGRESSIVE;
				CLANG_CXX_LANGUAGE_STANDARD = "gnu++20";
				CLANG_ENABLE_MODULES = YES;
				CLANG_ENABLE_OBJC_ARC = YES;
				CLANG_ENABLE_OBJC_WEAK = YES;
				CLANG_WARN_BLOCK_CAPTURE_AUTORELEASING = YES;
				CLANG_WARN_BOOL_CONVERSION = YES;
				CLANG_WARN_COMMA = YES;
				CLANG_WARN_CONSTANT_CONVERSION = YES;
				CLANG_WARN_DEPRECATED_OBJC_IMPLEMENTATIONS = YES;
				CLANG_WARN_DIRECT_OBJC_ISA_USAGE = YES_ERROR;
				CLANG_WARN_DOCUMENTATION_COMMENTS = YES;
				CLANG_WARN_EMPTY_BODY = YES;
				CLANG_WARN_ENUM_CONVERSION = YES;
				CLANG_WARN_INFINITE_RECURSION = YES;
				CLANG_WARN_INT_CONVERSION = YES;
				CLANG_WARN_NON_LITERAL_NULL_CONVERSION = YES;
				CLANG_WARN_OBJC_IMPLICIT_RETAIN_SELF = YES;
				CLANG_WARN_OBJC_LITERAL_CONVERSION = YES;
				CLANG_WARN_OBJC_ROOT_CLASS = YES_ERROR;
				CLANG_WARN_QUOTED_INCLUDE_IN_FRAMEWORK_HEADER = YES;
				CLANG_WARN_RANGE_LOOP_ANALYSIS = YES;
				CLANG_WARN_STRICT_PROTOTYPES = YES;
				CLANG_WARN_SUSPICIOUS_MOVE = YES;
				CLANG_WARN_UNGUARDED_AVAILABILITY = YES_AGGRESSIVE;
				CLANG_WARN_UNREACHABLE_CODE = YES;
				CLANG_WARN__DUPLICATE_METHOD_MATCH = YES;
				COPY_PHASE_STRIP = NO;
				DEBUG_INFORMATION_FORMAT = dwarf;
				ENABLE_STRICT_OBJC_MSGSEND = YES;
				ENABLE_TESTABILITY = YES;
				GCC_C_LANGUAGE_STANDARD = gnu11;
				GCC_DYNAMIC_NO_PIC = NO;
				GCC_NO_COMMON_BLOCKS = YES;
				GCC_OPTIMIZATION_LEVEL = 0;
				GCC_PREPROCESSOR_DEFINITIONS = (
					"DEBUG=1",
					"$(inherited)",
				);
				GCC_WARN_64_TO_32_BIT_CONVERSION = YES;
				GCC_WARN_ABOUT_RETURN_TYPE = YES_ERROR;
				GCC_WARN_UNDECLARED_SELECTOR = YES;
				GCC_WARN_UNINITIALIZED_AUTOS = YES_AGGRESSIVE;
				GCC_WARN_UNUSED_FUNCTION = YES;
				GCC_WARN_UNUSED_VARIABLE = YES;
				IPHONEOS_DEPLOYMENT_TARGET = 16.1;
				MTL_ENABLE_DEBUG_INFO = INCLUDE_SOURCE;
				MTL_FAST_MATH = YES;
				ONLY_ACTIVE_ARCH = YES;
				SDKROOT = iphoneos;
				SWIFT_ACTIVE_COMPILATION_CONDITIONS = DEBUG;
				SWIFT_OPTIMIZATION_LEVEL = "-Onone";
			};
			name = Debug;
		};
		4171257529C8503200CCE6D4 /* Release */ = {
			isa = XCBuildConfiguration;
			buildSettings = {
				ALWAYS_SEARCH_USER_PATHS = NO;
				CLANG_ANALYZER_NONNULL = YES;
				CLANG_ANALYZER_NUMBER_OBJECT_CONVERSION = YES_AGGRESSIVE;
				CLANG_CXX_LANGUAGE_STANDARD = "gnu++20";
				CLANG_ENABLE_MODULES = YES;
				CLANG_ENABLE_OBJC_ARC = YES;
				CLANG_ENABLE_OBJC_WEAK = YES;
				CLANG_WARN_BLOCK_CAPTURE_AUTORELEASING = YES;
				CLANG_WARN_BOOL_CONVERSION = YES;
				CLANG_WARN_COMMA = YES;
				CLANG_WARN_CONSTANT_CONVERSION = YES;
				CLANG_WARN_DEPRECATED_OBJC_IMPLEMENTATIONS = YES;
				CLANG_WARN_DIRECT_OBJC_ISA_USAGE = YES_ERROR;
				CLANG_WARN_DOCUMENTATION_COMMENTS = YES;
				CLANG_WARN_EMPTY_BODY = YES;
				CLANG_WARN_ENUM_CONVERSION = YES;
				CLANG_WARN_INFINITE_RECURSION = YES;
				CLANG_WARN_INT_CONVERSION = YES;
				CLANG_WARN_NON_LITERAL_NULL_CONVERSION = YES;
				CLANG_WARN_OBJC_IMPLICIT_RETAIN_SELF = YES;
				CLANG_WARN_OBJC_LITERAL_CONVERSION = YES;
				CLANG_WARN_OBJC_ROOT_CLASS = YES_ERROR;
				CLANG_WARN_QUOTED_INCLUDE_IN_FRAMEWORK_HEADER = YES;
				CLANG_WARN_RANGE_LOOP_ANALYSIS = YES;
				CLANG_WARN_STRICT_PROTOTYPES = YES;
				CLANG_WARN_SUSPICIOUS_MOVE = YES;
				CLANG_WARN_UNGUARDED_AVAILABILITY = YES_AGGRESSIVE;
				CLANG_WARN_UNREACHABLE_CODE = YES;
				CLANG_WARN__DUPLICATE_METHOD_MATCH = YES;
				COPY_PHASE_STRIP = NO;
				DEBUG_INFORMATION_FORMAT = "dwarf-with-dsym";
				ENABLE_NS_ASSERTIONS = NO;
				ENABLE_STRICT_OBJC_MSGSEND = YES;
				GCC_C_LANGUAGE_STANDARD = gnu11;
				GCC_NO_COMMON_BLOCKS = YES;
				GCC_WARN_64_TO_32_BIT_CONVERSION = YES;
				GCC_WARN_ABOUT_RETURN_TYPE = YES_ERROR;
				GCC_WARN_UNDECLARED_SELECTOR = YES;
				GCC_WARN_UNINITIALIZED_AUTOS = YES_AGGRESSIVE;
				GCC_WARN_UNUSED_FUNCTION = YES;
				GCC_WARN_UNUSED_VARIABLE = YES;
				IPHONEOS_DEPLOYMENT_TARGET = 16.1;
				MTL_ENABLE_DEBUG_INFO = NO;
				MTL_FAST_MATH = YES;
				SDKROOT = iphoneos;
				SWIFT_COMPILATION_MODE = wholemodule;
				SWIFT_OPTIMIZATION_LEVEL = "-O";
				VALIDATE_PRODUCT = YES;
			};
			name = Release;
		};
		4171257729C8503200CCE6D4 /* Debug */ = {
			isa = XCBuildConfiguration;
			buildSettings = {
				ASSETCATALOG_COMPILER_APPICON_NAME = AppIcon;
				ASSETCATALOG_COMPILER_GLOBAL_ACCENT_COLOR_NAME = AccentColor;
				CODE_SIGN_STYLE = Automatic;
				CURRENT_PROJECT_VERSION = 1;
				DEVELOPMENT_TEAM = M59369L9JK;
				GENERATE_INFOPLIST_FILE = YES;
				INFOPLIST_FILE = WheatherForecast/Info.plist;
				INFOPLIST_KEY_LSApplicationCategoryType = "public.app-category.weather";
				INFOPLIST_KEY_UIApplicationSupportsIndirectInputEvents = YES;
				INFOPLIST_KEY_UILaunchStoryboardName = LaunchScreen;
				INFOPLIST_KEY_UISupportedInterfaceOrientations = UIInterfaceOrientationPortrait;
				LD_RUNPATH_SEARCH_PATHS = (
					"$(inherited)",
					"@executable_path/Frameworks",
				);
				MARKETING_VERSION = 1.0;
				PRODUCT_BUNDLE_IDENTIFIER = aserdiuk.WheatherForecast;
				PRODUCT_NAME = "$(TARGET_NAME)";
				SUPPORTED_PLATFORMS = "iphoneos iphonesimulator";
				SUPPORTS_MACCATALYST = NO;
				SUPPORTS_MAC_DESIGNED_FOR_IPHONE_IPAD = NO;
				SWIFT_EMIT_LOC_STRINGS = YES;
				SWIFT_VERSION = 5.0;
				TARGETED_DEVICE_FAMILY = "1,2";
			};
			name = Debug;
		};
		4171257829C8503200CCE6D4 /* Release */ = {
			isa = XCBuildConfiguration;
			buildSettings = {
				ASSETCATALOG_COMPILER_APPICON_NAME = AppIcon;
				ASSETCATALOG_COMPILER_GLOBAL_ACCENT_COLOR_NAME = AccentColor;
				CODE_SIGN_STYLE = Automatic;
				CURRENT_PROJECT_VERSION = 1;
				DEVELOPMENT_TEAM = M59369L9JK;
				GENERATE_INFOPLIST_FILE = YES;
				INFOPLIST_FILE = WheatherForecast/Info.plist;
				INFOPLIST_KEY_LSApplicationCategoryType = "public.app-category.weather";
				INFOPLIST_KEY_UIApplicationSupportsIndirectInputEvents = YES;
				INFOPLIST_KEY_UILaunchStoryboardName = LaunchScreen;
				INFOPLIST_KEY_UISupportedInterfaceOrientations = UIInterfaceOrientationPortrait;
				LD_RUNPATH_SEARCH_PATHS = (
					"$(inherited)",
					"@executable_path/Frameworks",
				);
				MARKETING_VERSION = 1.0;
				PRODUCT_BUNDLE_IDENTIFIER = aserdiuk.WheatherForecast;
				PRODUCT_NAME = "$(TARGET_NAME)";
				SUPPORTED_PLATFORMS = "iphoneos iphonesimulator";
				SUPPORTS_MACCATALYST = NO;
				SUPPORTS_MAC_DESIGNED_FOR_IPHONE_IPAD = NO;
				SWIFT_EMIT_LOC_STRINGS = YES;
				SWIFT_VERSION = 5.0;
				TARGETED_DEVICE_FAMILY = "1,2";
			};
			name = Release;
		};
/* End XCBuildConfiguration section */

/* Begin XCConfigurationList section */
		4171255D29C8503200CCE6D4 /* Build configuration list for PBXProject "WheatherForecast" */ = {
			isa = XCConfigurationList;
			buildConfigurations = (
				4171257429C8503200CCE6D4 /* Debug */,
				4171257529C8503200CCE6D4 /* Release */,
			);
			defaultConfigurationIsVisible = 0;
			defaultConfigurationName = Release;
		};
		4171257629C8503200CCE6D4 /* Build configuration list for PBXNativeTarget "WheatherForecast" */ = {
			isa = XCConfigurationList;
			buildConfigurations = (
				4171257729C8503200CCE6D4 /* Debug */,
				4171257829C8503200CCE6D4 /* Release */,
			);
			defaultConfigurationIsVisible = 0;
			defaultConfigurationName = Release;
		};
/* End XCConfigurationList section */
	};
	rootObject = 4171255A29C8503200CCE6D4 /* Project object */;
}
